{
    "name": "prj--jobee--restful-api",
    "version": "1.2.0",
    "lockfileVersion": 2,
    "requires": true,
    "packages": {
        "": {
            "name": "prj--jobee--restful-api",
            "version": "1.2.0",
            "license": "ISC",
            "devDependencies": {
                "prettier": "^2.7.1"
            },
            "engines": {
                "node": "16.19.0",
                "npm": "8.19.3"
            }
        },
        "node_modules/prettier": {
            "version": "2.8.8",
            "dev": true,
            "license": "MIT",
            "bin": {
                "prettier": "bin-prettier.js"
            },
            "engines": {
                "node": ">=10.13.0"
            },
            "funding": {
                "url": "https://github.com/prettier/prettier?sponsor=1"
            }
        }
    },
    "dependencies": {
        "prettier": {
            "version": "2.8.8",
            "dev": true
        }
    }
}
